
Microsoft Visual Studio Solution File, Format Version 12.00
# Visual Studio Version 17
VisualStudioVersion = 17.0.31903.59
MinimumVisualStudioVersion = 10.0.40219.1
Project("{2150E333-8FDC-42A3-9474-1A3956D46DE8}") = "ClassLibrary", "ClassLibrary", "{4F5347CE-700A-3BF8-17B3-076BECB6946D}"
EndProject
Project("{FAE04EC0-301F-11D3-BF4B-00C04F79EFBC}") = "JuniorDevopsEngineerTest", "ClassLibrary\JuniorDevopsEngineerTest\JuniorDevopsEngineerTest.csproj", "{F80C5E0E-0E94-4475-B4C8-A0112889E348}"
EndProject
Project("{FAE04EC0-301F-11D3-BF4B-00C04F79EFBC}") = "ClassLibraryTest", "ClassLibraryTest\ClassLibraryTest.csproj", "{3B39705C-1F1C-4F05-94F3-6056C1062B94}"
EndProject
Global
	GlobalSection(SolutionConfigurationPlatforms) = preSolution
		Debug|Any CPU = Debug|Any CPU
		Debug|x64 = Debug|x64
		Debug|x86 = Debug|x86
		Release|Any CPU = Release|Any CPU
		Release|x64 = Release|x64
		Release|x86 = Release|x86
	EndGlobalSection
	GlobalSection(ProjectConfigurationPlatforms) = postSolution
		{F80C5E0E-0E94-4475-B4C8-A0112889E348}.Debug|Any CPU.ActiveCfg = Debug|Any CPU
		{F80C5E0E-0E94-4475-B4C8-A0112889E348}.Debug|Any CPU.Build.0 = Debug|Any CPU
		{F80C5E0E-0E94-4475-B4C8-A0112889E348}.Debug|x64.ActiveCfg = Debug|Any CPU
		{F80C5E0E-0E94-4475-B4C8-A0112889E348}.Debug|x64.Build.0 = Debug|Any CPU
		{F80C5E0E-0E94-4475-B4C8-A0112889E348}.Debug|x86.ActiveCfg = Debug|Any CPU
		{F80C5E0E-0E94-4475-B4C8-A0112889E348}.Debug|x86.Build.0 = Debug|Any CPU
		{F80C5E0E-0E94-4475-B4C8-A0112889E348}.Release|Any CPU.ActiveCfg = Release|Any CPU
		{F80C5E0E-0E94-4475-B4C8-A0112889E348}.Release|Any CPU.Build.0 = Release|Any CPU
		{F80C5E0E-0E94-4475-B4C8-A0112889E348}.Release|x64.ActiveCfg = Release|Any CPU
		{F80C5E0E-0E94-4475-B4C8-A0112889E348}.Release|x64.Build.0 = Release|Any CPU
		{F80C5E0E-0E94-4475-B4C8-A0112889E348}.Release|x86.ActiveCfg = Release|Any CPU
		{F80C5E0E-0E94-4475-B4C8-A0112889E348}.Release|x86.Build.0 = Release|Any CPU
		{3B39705C-1F1C-4F05-94F3-6056C1062B94}.Debug|Any CPU.ActiveCfg = Debug|Any CPU
		{3B39705C-1F1C-4F05-94F3-6056C1062B94}.Debug|Any CPU.Build.0 = Debug|Any CPU
		{3B39705C-1F1C-4F05-94F3-6056C1062B94}.Debug|x64.ActiveCfg = Debug|Any CPU
		{3B39705C-1F1C-4F05-94F3-6056C1062B94}.Debug|x64.Build.0 = Debug|Any CPU
		{3B39705C-1F1C-4F05-94F3-6056C1062B94}.Debug|x86.ActiveCfg = Debug|Any CPU
		{3B39705C-1F1C-4F05-94F3-6056C1062B94}.Debug|x86.Build.0 = Debug|Any CPU
		{3B39705C-1F1C-4F05-94F3-6056C1062B94}.Release|Any CPU.ActiveCfg = Release|Any CPU
		{3B39705C-1F1C-4F05-94F3-6056C1062B94}.Release|Any CPU.Build.0 = Release|Any CPU
		{3B39705C-1F1C-4F05-94F3-6056C1062B94}.Release|x64.ActiveCfg = Release|Any CPU
		{3B39705C-1F1C-4F05-94F3-6056C1062B94}.Release|x64.Build.0 = Release|Any CPU
		{3B39705C-1F1C-4F05-94F3-6056C1062B94}.Release|x86.ActiveCfg = Release|Any CPU
		{3B39705C-1F1C-4F05-94F3-6056C1062B94}.Release|x86.Build.0 = Release|Any CPU
	EndGlobalSection
	GlobalSection(SolutionProperties) = preSolution
		HideSolutionNode = FALSE
	EndGlobalSection
	GlobalSection(NestedProjects) = preSolution
		{F80C5E0E-0E94-4475-B4C8-A0112889E348} = {4F5347CE-700A-3BF8-17B3-076BECB6946D}
	EndGlobalSection
EndGlobal
